{
  "name": "XML-BSEP",
  "lockfileVersion": 2,
  "requires": true,
  "packages": {
    "": {
      "dependencies": {
        "google-recaptcha-v2": "^1.0.4"
      }
    },
    "node_modules/google-recaptcha-v2": {
      "version": "1.0.4",
      "resolved": "https://registry.npmjs.org/google-recaptcha-v2/-/google-recaptcha-v2-1.0.4.tgz",
      "integrity": "sha512-sSTM3A/C9WuxMFK7HaBrKJp+tkOmIbO7aAuCO7VSdAswB6uVnmAVTS7/DFsk4hSUotgoUE0p4Hx7nGXbWfTVDA=="
    }
  },
  "dependencies": {
    "google-recaptcha-v2": {
      "version": "1.0.4",
      "resolved": "https://registry.npmjs.org/google-recaptcha-v2/-/google-recaptcha-v2-1.0.4.tgz",
      "integrity": "sha512-sSTM3A/C9WuxMFK7HaBrKJp+tkOmIbO7aAuCO7VSdAswB6uVnmAVTS7/DFsk4hSUotgoUE0p4Hx7nGXbWfTVDA=="
    }
  }
}
